// !$*UTF8*$!
{
	archiveVersion = 1;
	classes = {
	};
	objectVersion = 46;
	objects = {

/* Begin PBXBuildFile section */
		8D72319C1AEEA57400729B83 /* MapKit.framework in Frameworks */ = {isa = PBXBuildFile; fileRef = 8D72319B1AEEA57400729B83 /* MapKit.framework */; };
		8D98970F1AE9766B00B8B760 /* main.m in Sources */ = {isa = PBXBuildFile; fileRef = 8D98970E1AE9766B00B8B760 /* main.m */; };
		8D9897121AE9766B00B8B760 /* AppDelegate.m in Sources */ = {isa = PBXBuildFile; fileRef = 8D9897111AE9766B00B8B760 /* AppDelegate.m */; };
		8D9897151AE9766B00B8B760 /* ViewController.m in Sources */ = {isa = PBXBuildFile; fileRef = 8D9897141AE9766B00B8B760 /* ViewController.m */; };
		8D9897181AE9766B00B8B760 /* Main.storyboard in Resources */ = {isa = PBXBuildFile; fileRef = 8D9897161AE9766B00B8B760 /* Main.storyboard */; };
		8D98971A1AE9766B00B8B760 /* Images.xcassets in Resources */ = {isa = PBXBuildFile; fileRef = 8D9897191AE9766B00B8B760 /* Images.xcassets */; };
		8D98971D1AE9766B00B8B760 /* LaunchScreen.xib in Resources */ = {isa = PBXBuildFile; fileRef = 8D98971B1AE9766B00B8B760 /* LaunchScreen.xib */; };
		8D9897291AE9766B00B8B760 /* SuperCardTests.m in Sources */ = {isa = PBXBuildFile; fileRef = 8D9897281AE9766B00B8B760 /* SuperCardTests.m */; };
		8D9897341AE97B7F00B8B760 /* PlayingCardView.m in Sources */ = {isa = PBXBuildFile; fileRef = 8D9897331AE97B7F00B8B760 /* PlayingCardView.m */; };
/* End PBXBuildFile section */

/* Begin PBXContainerItemProxy section */
		8D9897231AE9766B00B8B760 /* PBXContainerItemProxy */ = {
			isa = PBXContainerItemProxy;
			containerPortal = 8D9897011AE9766B00B8B760 /* Project object */;
			proxyType = 1;
			remoteGlobalIDString = 8D9897081AE9766B00B8B760;
			remoteInfo = SuperCard;
		};
/* End PBXContainerItemProxy section */

/* Begin PBXFileReference section */
		8D72319B1AEEA57400729B83 /* MapKit.framework */ = {isa = PBXFileReference; lastKnownFileType = wrapper.framework; name = MapKit.framework; path = System/Library/Frameworks/MapKit.framework; sourceTree = SDKROOT; };
		8D9897091AE9766B00B8B760 /* SuperCard.app */ = {isa = PBXFileReference; explicitFileType = wrapper.application; includeInIndex = 0; path = SuperCard.app; sourceTree = BUILT_PRODUCTS_DIR; };
		8D98970D1AE9766B00B8B760 /* Info.plist */ = {isa = PBXFileReference; lastKnownFileType = text.plist.xml; path = Info.plist; sourceTree = "<group>"; };
		8D98970E1AE9766B00B8B760 /* main.m */ = {isa = PBXFileReference; lastKnownFileType = sourcecode.c.objc; path = main.m; sourceTree = "<group>"; };
		8D9897101AE9766B00B8B760 /* AppDelegate.h */ = {isa = PBXFileReference; lastKnownFileType = sourcecode.c.h; path = AppDelegate.h; sourceTree = "<group>"; };
		8D9897111AE9766B00B8B760 /* AppDelegate.m */ = {isa = PBXFileReference; lastKnownFileType = sourcecode.c.objc; path = AppDelegate.m; sourceTree = "<group>"; };
		8D9897131AE9766B00B8B760 /* ViewController.h */ = {isa = PBXFileReference; lastKnownFileType = sourcecode.c.h; path = ViewController.h; sourceTree = "<group>"; };
		8D9897141AE9766B00B8B760 /* ViewController.m */ = {isa = PBXFileReference; lastKnownFileType = sourcecode.c.objc; path = ViewController.m; sourceTree = "<group>"; };
		8D9897171AE9766B00B8B760 /* Base */ = {isa = PBXFileReference; lastKnownFileType = file.storyboard; name = Base; path = Base.lproj/Main.storyboard; sourceTree = "<group>"; };
		8D9897191AE9766B00B8B760 /* Images.xcassets */ = {isa = PBXFileReference; lastKnownFileType = folder.assetcatalog; path = Images.xcassets; sourceTree = "<group>"; };
		8D98971C1AE9766B00B8B760 /* Base */ = {isa = PBXFileReference; lastKnownFileType = file.xib; name = Base; path = Base.lproj/LaunchScreen.xib; sourceTree = "<group>"; };
		8D9897221AE9766B00B8B760 /* SuperCardTests.xctest */ = {isa = PBXFileReference; explicitFileType = wrapper.cfbundle; includeInIndex = 0; path = SuperCardTests.xctest; sourceTree = BUILT_PRODUCTS_DIR; };
		8D9897271AE9766B00B8B760 /* Info.plist */ = {isa = PBXFileReference; lastKnownFileType = text.plist.xml; path = Info.plist; sourceTree = "<group>"; };
		8D9897281AE9766B00B8B760 /* SuperCardTests.m */ = {isa = PBXFileReference; lastKnownFileType = sourcecode.c.objc; path = SuperCardTests.m; sourceTree = "<group>"; };
		8D9897321AE97B7F00B8B760 /* PlayingCardView.h */ = {isa = PBXFileReference; fileEncoding = 4; lastKnownFileType = sourcecode.c.h; path = PlayingCardView.h; sourceTree = "<group>"; };
		8D9897331AE97B7F00B8B760 /* PlayingCardView.m */ = {isa = PBXFileReference; fileEncoding = 4; lastKnownFileType = sourcecode.c.objc; path = PlayingCardView.m; sourceTree = "<group>"; };
/* End PBXFileReference section */

/* Begin PBXFrameworksBuildPhase section */
		8D9897061AE9766B00B8B760 /* Frameworks */ = {
			isa = PBXFrameworksBuildPhase;
			buildActionMask = 2147483647;
			files = (
				8D72319C1AEEA57400729B83 /* MapKit.framework in Frameworks */,
			);
			runOnlyForDeploymentPostprocessing = 0;
		};
		8D98971F1AE9766B00B8B760 /* Frameworks */ = {
			isa = PBXFrameworksBuildPhase;
			buildActionMask = 2147483647;
			files = (
			);
			runOnlyForDeploymentPostprocessing = 0;
		};
/* End PBXFrameworksBuildPhase section */

/* Begin PBXGroup section */
		8D9897001AE9766B00B8B760 = {
			isa = PBXGroup;
			children = (
				8D72319B1AEEA57400729B83 /* MapKit.framework */,
				8D98970B1AE9766B00B8B760 /* SuperCard */,
				8D9897251AE9766B00B8B760 /* SuperCardTests */,
				8D98970A1AE9766B00B8B760 /* Products */,
			);
			sourceTree = "<group>";
		};
		8D98970A1AE9766B00B8B760 /* Products */ = {
			isa = PBXGroup;
			children = (
				8D9897091AE9766B00B8B760 /* SuperCard.app */,
				8D9897221AE9766B00B8B760 /* SuperCardTests.xctest */,
			);
			name = Products;
			sourceTree = "<group>";
		};
		8D98970B1AE9766B00B8B760 /* SuperCard */ = {
			isa = PBXGroup;
			children = (
				8D9897161AE9766B00B8B760 /* Main.storyboard */,
				8D9897321AE97B7F00B8B760 /* PlayingCardView.h */,
				8D9897331AE97B7F00B8B760 /* PlayingCardView.m */,
				8D9897131AE9766B00B8B760 /* ViewController.h */,
				8D9897141AE9766B00B8B760 /* ViewController.m */,
				8D9897191AE9766B00B8B760 /* Images.xcassets */,
				8D98971B1AE9766B00B8B760 /* LaunchScreen.xib */,
				8D98970C1AE9766B00B8B760 /* Supporting Files */,
			);
			path = SuperCard;
			sourceTree = "<group>";
		};
		8D98970C1AE9766B00B8B760 /* Supporting Files */ = {
			isa = PBXGroup;
			children = (
				8D9897101AE9766B00B8B760 /* AppDelegate.h */,
				8D9897111AE9766B00B8B760 /* AppDelegate.m */,
				8D98970D1AE9766B00B8B760 /* Info.plist */,
				8D98970E1AE9766B00B8B760 /* main.m */,
			);
			name = "Supporting Files";
			sourceTree = "<group>";
		};
		8D9897251AE9766B00B8B760 /* SuperCardTests */ = {
			isa = PBXGroup;
			children = (
				8D9897281AE9766B00B8B760 /* SuperCardTests.m */,
				8D9897261AE9766B00B8B760 /* Supporting Files */,
			);
			path = SuperCardTests;
			sourceTree = "<group>";
		};
		8D9897261AE9766B00B8B760 /* Supporting Files */ = {
			isa = PBXGroup;
			children = (
				8D9897271AE9766B00B8B760 /* Info.plist */,
			);
			name = "Supporting Files";
			sourceTree = "<group>";
		};
/* End PBXGroup section */

/* Begin PBXNativeTarget section */
		8D9897081AE9766B00B8B760 /* SuperCard */ = {
			isa = PBXNativeTarget;
			buildConfigurationList = 8D98972C1AE9766B00B8B760 /* Build configuration list for PBXNativeTarget "SuperCard" */;
			buildPhases = (
				8D9897051AE9766B00B8B760 /* Sources */,
				8D9897061AE9766B00B8B760 /* Frameworks */,
				8D9897071AE9766B00B8B760 /* Resources */,
			);
			buildRules = (
			);
			dependencies = (
			);
			name = SuperCard;
			productName = SuperCard;
			productReference = 8D9897091AE9766B00B8B760 /* SuperCard.app */;
			productType = "com.apple.product-type.application";
		};
		8D9897211AE9766B00B8B760 /* SuperCardTests */ = {
			isa = PBXNativeTarget;
			buildConfigurationList = 8D98972F1AE9766B00B8B760 /* Build configuration list for PBXNativeTarget "SuperCardTests" */;
			buildPhases = (
				8D98971E1AE9766B00B8B760 /* Sources */,
				8D98971F1AE9766B00B8B760 /* Frameworks */,
				8D9897201AE9766B00B8B760 /* Resources */,
			);
			buildRules = (
			);
			dependencies = (
				8D9897241AE9766B00B8B760 /* PBXTargetDependency */,
			);
			name = SuperCardTests;
			productName = SuperCardTests;
			productReference = 8D9897221AE9766B00B8B760 /* SuperCardTests.xctest */;
			productType = "com.apple.product-type.bundle.unit-test";
		};
/* End PBXNativeTarget section */

/* Begin PBXProject section */
		8D9897011AE9766B00B8B760 /* Project object */ = {
			isa = PBXProject;
			attributes = {
				LastUpgradeCheck = 0620;
				ORGANIZATIONNAME = "RNR Associates";
				TargetAttributes = {
					8D9897081AE9766B00B8B760 = {
						CreatedOnToolsVersion = 6.2;
						DevelopmentTeam = WAV45A46L2;
					};
					8D9897211AE9766B00B8B760 = {
						CreatedOnToolsVersion = 6.2;
						TestTargetID = 8D9897081AE9766B00B8B760;
					};
				};
			};
			buildConfigurationList = 8D9897041AE9766B00B8B760 /* Build configuration list for PBXProject "SuperCard" */;
			compatibilityVersion = "Xcode 3.2";
			developmentRegion = English;
			hasScannedForEncodings = 0;
			knownRegions = (
				en,
				Base,
			);
			mainGroup = 8D9897001AE9766B00B8B760;
			productRefGroup = 8D98970A1AE9766B00B8B760 /* Products */;
			projectDirPath = "";
			projectRoot = "";
			targets = (
				8D9897081AE9766B00B8B760 /* SuperCard */,
				8D9897211AE9766B00B8B760 /* SuperCardTests */,
			);
		};
/* End PBXProject section */

/* Begin PBXResourcesBuildPhase section */
		8D9897071AE9766B00B8B760 /* Resources */ = {
			isa = PBXResourcesBuildPhase;
			buildActionMask = 2147483647;
			files = (
				8D9897181AE9766B00B8B760 /* Main.storyboard in Resources */,
				8D98971D1AE9766B00B8B760 /* LaunchScreen.xib in Resources */,
				8D98971A1AE9766B00B8B760 /* Images.xcassets in Resources */,
			);
			runOnlyForDeploymentPostprocessing = 0;
		};
		8D9897201AE9766B00B8B760 /* Resources */ = {
			isa = PBXResourcesBuildPhase;
			buildActionMask = 2147483647;
			files = (
			);
			runOnlyForDeploymentPostprocessing = 0;
		};
/* End PBXResourcesBuildPhase section */

/* Begin PBXSourcesBuildPhase section */
		8D9897051AE9766B00B8B760 /* Sources */ = {
			isa = PBXSourcesBuildPhase;
			buildActionMask = 2147483647;
			files = (
				8D9897151AE9766B00B8B760 /* ViewController.m in Sources */,
				8D9897341AE97B7F00B8B760 /* PlayingCardView.m in Sources */,
				8D9897121AE9766B00B8B760 /* AppDelegate.m in Sources */,
				8D98970F1AE9766B00B8B760 /* main.m in Sources */,
			);
			runOnlyForDeploymentPostprocessing = 0;
		};
		8D98971E1AE9766B00B8B760 /* Sources */ = {
			isa = PBXSourcesBuildPhase;
			buildActionMask = 2147483647;
			files = (
				8D9897291AE9766B00B8B760 /* SuperCardTests.m in Sources */,
			);
			runOnlyForDeploymentPostprocessing = 0;
		};
/* End PBXSourcesBuildPhase section */

/* Begin PBXTargetDependency section */
		8D9897241AE9766B00B8B760 /* PBXTargetDependency */ = {
			isa = PBXTargetDependency;
			target = 8D9897081AE9766B00B8B760 /* SuperCard */;
			targetProxy = 8D9897231AE9766B00B8B760 /* PBXContainerItemProxy */;
		};
/* End PBXTargetDependency section */

/* Begin PBXVariantGroup section */
		8D9897161AE9766B00B8B760 /* Main.storyboard */ = {
			isa = PBXVariantGroup;
			children = (
				8D9897171AE9766B00B8B760 /* Base */,
			);
			name = Main.storyboard;
			sourceTree = "<group>";
		};
		8D98971B1AE9766B00B8B760 /* LaunchScreen.xib */ = {
			isa = PBXVariantGroup;
			children = (
				8D98971C1AE9766B00B8B760 /* Base */,
			);
			name = LaunchScreen.xib;
			sourceTree = "<group>";
		};
/* End PBXVariantGroup section */

/* Begin XCBuildConfiguration section */
		8D98972A1AE9766B00B8B760 /* Debug */ = {
			isa = XCBuildConfiguration;
			buildSettings = {
				ALWAYS_SEARCH_USER_PATHS = NO;
				CLANG_CXX_LANGUAGE_STANDARD = "gnu++0x";
				CLANG_CXX_LIBRARY = "libc++";
				CLANG_ENABLE_MODULES = YES;
				CLANG_ENABLE_OBJC_ARC = YES;
				CLANG_WARN_BOOL_CONVERSION = YES;
				CLANG_WARN_CONSTANT_CONVERSION = YES;
				CLANG_WARN_DIRECT_OBJC_ISA_USAGE = YES_ERROR;
				CLANG_WARN_EMPTY_BODY = YES;
				CLANG_WARN_ENUM_CONVERSION = YES;
				CLANG_WARN_INT_CONVERSION = YES;
				CLANG_WARN_OBJC_ROOT_CLASS = YES_ERROR;
				CLANG_WARN_UNREACHABLE_CODE = YES;
				CLANG_WARN__DUPLICATE_METHOD_MATCH = YES;
				"CODE_SIGN_IDENTITY[sdk=iphoneos*]" = "iPhone Developer";
				COPY_PHASE_STRIP = NO;
				ENABLE_STRICT_OBJC_MSGSEND = YES;
				GCC_C_LANGUAGE_STANDARD = gnu99;
				GCC_DYNAMIC_NO_PIC = NO;
				GCC_OPTIMIZATION_LEVEL = 0;
				GCC_PREPROCESSOR_DEFINITIONS = (
					"DEBUG=1",
					"$(inherited)",
				);
				GCC_SYMBOLS_PRIVATE_EXTERN = NO;
				GCC_WARN_64_TO_32_BIT_CONVERSION = YES;
				GCC_WARN_ABOUT_RETURN_TYPE = YES_ERROR;
				GCC_WARN_UNDECLARED_SELECTOR = YES;
				GCC_WARN_UNINITIALIZED_AUTOS = YES_AGGRESSIVE;
				GCC_WARN_UNUSED_FUNCTION = YES;
				GCC_WARN_UNUSED_VARIABLE = YES;
				IPHONEOS_DEPLOYMENT_TARGET = 8.2;
				MTL_ENABLE_DEBUG_INFO = YES;
				ONLY_ACTIVE_ARCH = YES;
				SDKROOT = iphoneos;
			};
			name = Debug;
		};
		8D98972B1AE9766B00B8B760 /* Release */ = {
			isa = XCBuildConfiguration;
			buildSettings = {
				ALWAYS_SEARCH_USER_PATHS = NO;
				CLANG_CXX_LANGUAGE_STANDARD = "gnu++0x";
				CLANG_CXX_LIBRARY = "libc++";
				CLANG_ENABLE_MODULES = YES;
				CLANG_ENABLE_OBJC_ARC = YES;
				CLANG_WARN_BOOL_CONVERSION = YES;
				CLANG_WARN_CONSTANT_CONVERSION = YES;
				CLANG_WARN_DIRECT_OBJC_ISA_USAGE = YES_ERROR;
				CLANG_WARN_EMPTY_BODY = YES;
				CLANG_WARN_ENUM_CONVERSION = YES;
				CLANG_WARN_INT_CONVERSION = YES;
				CLANG_WARN_OBJC_ROOT_CLASS = YES_ERROR;
				CLANG_WARN_UNREACHABLE_CODE = YES;
				CLANG_WARN__DUPLICATE_METHOD_MATCH = YES;
				"CODE_SIGN_IDENTITY[sdk=iphoneos*]" = "iPhone Developer";
				COPY_PHASE_STRIP = NO;
				ENABLE_NS_ASSERTIONS = NO;
				ENABLE_STRICT_OBJC_MSGSEND = YES;
				GCC_C_LANGUAGE_STANDARD = gnu99;
				GCC_WARN_64_TO_32_BIT_CONVERSION = YES;
				GCC_WARN_ABOUT_RETURN_TYPE = YES_ERROR;
				GCC_WARN_UNDECLARED_SELECTOR = YES;
				GCC_WARN_UNINITIALIZED_AUTOS = YES_AGGRESSIVE;
				GCC_WARN_UNUSED_FUNCTION = YES;
				GCC_WARN_UNUSED_VARIABLE = YES;
				IPHONEOS_DEPLOYMENT_TARGET = 8.2;
				MTL_ENABLE_DEBUG_INFO = NO;
				SDKROOT = iphoneos;
				VALIDATE_PRODUCT = YES;
			};
			name = Release;
		};
		8D98972D1AE9766B00B8B760 /* Debug */ = {
			isa = XCBuildConfiguration;
			buildSettings = {
				ASSETCATALOG_COMPILER_APPICON_NAME = AppIcon;
				CODE_SIGN_IDENTITY = "iPhone Developer";
				"CODE_SIGN_IDENTITY[sdk=iphoneos*]" = "iPhone Developer";
				INFOPLIST_FILE = SuperCard/Info.plist;
				IPHONEOS_DEPLOYMENT_TARGET = 7.1;
				LD_RUNPATH_SEARCH_PATHS = "$(inherited) @executable_path/Frameworks";
				PRODUCT_NAME = "$(TARGET_NAME)";
				PROVISIONING_PROFILE = "";
				TARGETED_DEVICE_FAMILY = 1;
			};
			name = Debug;
		};
		8D98972E1AE9766B00B8B760 /* Release */ = {
			isa = XCBuildConfiguration;
			buildSettings = {
				ASSETCATALOG_COMPILER_APPICON_NAME = AppIcon;
				CODE_SIGN_IDENTITY = "iPhone Developer";
				"CODE_SIGN_IDENTITY[sdk=iphoneos*]" = "iPhone Developer";
				INFOPLIST_FILE = SuperCard/Info.plist;
				IPHONEOS_DEPLOYMENT_TARGET = 7.1;
				LD_RUNPATH_SEARCH_PATHS = "$(inherited) @executable_path/Frameworks";
				PRODUCT_NAME = "$(TARGET_NAME)";
				PROVISIONING_PROFILE = "";
				TARGETED_DEVICE_FAMILY = 1;
			};
			name = Release;
		};
		8D9897301AE9766B00B8B760 /* Debug */ = {
			isa = XCBuildConfiguration;
			buildSettings = {
				BUNDLE_LOADER = "$(TEST_HOST)";
				FRAMEWORK_SEARCH_PATHS = (
					"$(SDKROOT)/Developer/Library/Frameworks",
					"$(inherited)",
				);
				GCC_PREPROCESSOR_DEFINITIONS = (
					"DEBUG=1",
					"$(inherited)",
				);
				INFOPLIST_FILE = SuperCardTests/Info.plist;
				LD_RUNPATH_SEARCH_PATHS = "$(inherited) @executable_path/Frameworks @loader_path/Frameworks";
				PRODUCT_NAME = "$(TARGET_NAME)";
				TEST_HOST = "$(BUILT_PRODUCTS_DIR)/SuperCard.app/SuperCard";
			};
			name = Debug;
		};
		8D9897311AE9766B00B8B760 /* Release */ = {
			isa = XCBuildConfiguration;
			buildSettings = {
				BUNDLE_LOADER = "$(TEST_HOST)";
				FRAMEWORK_SEARCH_PATHS = (
					"$(SDKROOT)/Developer/Library/Frameworks",
					"$(inherited)",
				);
				INFOPLIST_FILE = SuperCardTests/Info.plist;
				LD_RUNPATH_SEARCH_PATHS = "$(inherited) @executable_path/Frameworks @loader_path/Frameworks";
				PRODUCT_NAME = "$(TARGET_NAME)";
				TEST_HOST = "$(BUILT_PRODUCTS_DIR)/SuperCard.app/SuperCard";
			};
			name = Release;
		};
/* End XCBuildConfiguration section */

/* Begin XCConfigurationList section */
		8D9897041AE9766B00B8B760 /* Build configuration list for PBXProject "SuperCard" */ = {
			isa = XCConfigurationList;
			buildConfigurations = (
				8D98972A1AE9766B00B8B760 /* Debug */,
				8D98972B1AE9766B00B8B760 /* Release */,
			);
			defaultConfigurationIsVisible = 0;
			defaultConfigurationName = Release;
		};
		8D98972C1AE9766B00B8B760 /* Build configuration list for PBXNativeTarget "SuperCard" */ = {
			isa = XCConfigurationList;
			buildConfigurations = (
				8D98972D1AE9766B00B8B760 /* Debug */,
				8D98972E1AE9766B00B8B760 /* Release */,
			);
			defaultConfigurationIsVisible = 0;
			defaultConfigurationName = Release;
		};
		8D98972F1AE9766B00B8B760 /* Build configuration list for PBXNativeTarget "SuperCardTests" */ = {
			isa = XCConfigurationList;
			buildConfigurations = (
				8D9897301AE9766B00B8B760 /* Debug */,
				8D9897311AE9766B00B8B760 /* Release */,
			);
			defaultConfigurationIsVisible = 0;
			defaultConfigurationName = Release;
		};
/* End XCConfigurationList section */
	};
	rootObject = 8D9897011AE9766B00B8B760 /* Project object */;
}
